
Microsoft Visual Studio Solution File, Format Version 12.00
# Visual Studio Version 17
VisualStudioVersion = 17.7.34009.444
MinimumVisualStudioVersion = 10.0.40219.1
Project("{FAE04EC0-301F-11D3-BF4B-00C04F79EFBC}") = "Tic-Tac-Toe", "Tic-Tac-Toe\Tic-Tac-Toe.csproj", "{D6A87BF3-2FB5-464C-9CBD-557D6F2E9714}"
EndProject
Global
	GlobalSection(SolutionConfigurationPlatforms) = preSolution
		Debug|Any CPU = Debug|Any CPU
		Release|Any CPU = Release|Any CPU
	EndGlobalSection
	GlobalSection(ProjectConfigurationPlatforms) = postSolution
		{D6A87BF3-2FB5-464C-9CBD-557D6F2E9714}.Debug|Any CPU.ActiveCfg = Debug|Any CPU
		{D6A87BF3-2FB5-464C-9CBD-557D6F2E9714}.Debug|Any CPU.Build.0 = Debug|Any CPU
		{D6A87BF3-2FB5-464C-9CBD-557D6F2E9714}.Release|Any CPU.ActiveCfg = Release|Any CPU
		{D6A87BF3-2FB5-464C-9CBD-557D6F2E9714}.Release|Any CPU.Build.0 = Release|Any CPU
	EndGlobalSection
	GlobalSection(SolutionProperties) = preSolution
		HideSolutionNode = FALSE
	EndGlobalSection
	GlobalSection(ExtensibilityGlobals) = postSolution
		SolutionGuid = {4E34DB58-2B47-47AE-A506-311B75AD6067}
	EndGlobalSection
EndGlobal
